
Microsoft Visual Studio Solution File, Format Version 12.00
# Visual Studio Version 16
VisualStudioVersion = 16.0.31105.61
MinimumVisualStudioVersion = 10.0.40219.1
Project("{FAE04EC0-301F-11D3-BF4B-00C04F79EFBC}") = "RandomMealsAPI", "RandomMealsAPI\RandomMealsAPI.csproj", "{F29BBCCF-77D1-4FD6-848E-0ECEC62F3167}"
EndProject
Global
	GlobalSection(SolutionConfigurationPlatforms) = preSolution
		Debug|Any CPU = Debug|Any CPU
		Release|Any CPU = Release|Any CPU
	EndGlobalSection
	GlobalSection(ProjectConfigurationPlatforms) = postSolution
		{F29BBCCF-77D1-4FD6-848E-0ECEC62F3167}.Debug|Any CPU.ActiveCfg = Debug|Any CPU
		{F29BBCCF-77D1-4FD6-848E-0ECEC62F3167}.Debug|Any CPU.Build.0 = Debug|Any CPU
		{F29BBCCF-77D1-4FD6-848E-0ECEC62F3167}.Release|Any CPU.ActiveCfg = Release|Any CPU
		{F29BBCCF-77D1-4FD6-848E-0ECEC62F3167}.Release|Any CPU.Build.0 = Release|Any CPU
	EndGlobalSection
	GlobalSection(SolutionProperties) = preSolution
		HideSolutionNode = FALSE
	EndGlobalSection
	GlobalSection(ExtensibilityGlobals) = postSolution
		SolutionGuid = {A7F7D1AB-53C2-4850-B3F2-8F14D0D594A8}
	EndGlobalSection
EndGlobal
